// !$*UTF8*$!
{
	archiveVersion = 1;
	classes = {
	};
	objectVersion = 50;
	objects = {

/* Begin PBXBuildFile section */
		B764027087DD413858653585 /* Pods_La_App.framework in Frameworks */ = {isa = PBXBuildFile; fileRef = 09A277BEA40DF0C044260FEC /* Pods_La_App.framework */; };
		FA207E8B2200101600C18D89 /* AppDelegate.swift in Sources */ = {isa = PBXBuildFile; fileRef = FA207E8A2200101600C18D89 /* AppDelegate.swift */; };
		FA207E902200101600C18D89 /* Main.storyboard in Resources */ = {isa = PBXBuildFile; fileRef = FA207E8E2200101600C18D89 /* Main.storyboard */; };
		FA207E922200101900C18D89 /* Assets.xcassets in Resources */ = {isa = PBXBuildFile; fileRef = FA207E912200101900C18D89 /* Assets.xcassets */; };
		FA207E952200101900C18D89 /* LaunchScreen.storyboard in Resources */ = {isa = PBXBuildFile; fileRef = FA207E932200101900C18D89 /* LaunchScreen.storyboard */; };
		FA6C67BD2202181C00AF5CE1 /* GoogleService-Info.plist in Resources */ = {isa = PBXBuildFile; fileRef = FA6C67BC2202181C00AF5CE1 /* GoogleService-Info.plist */; };
		FAC60ABF2201249D006110CC /* ContactListViewController.swift in Sources */ = {isa = PBXBuildFile; fileRef = FAC60ABE2201249D006110CC /* ContactListViewController.swift */; };
		FAC60AC122015EB0006110CC /* Utils.swift in Sources */ = {isa = PBXBuildFile; fileRef = FAC60AC022015EB0006110CC /* Utils.swift */; };
		FAC60AC422017637006110CC /* ContactTableViewCell.swift in Sources */ = {isa = PBXBuildFile; fileRef = FAC60AC222017637006110CC /* ContactTableViewCell.swift */; };
		FAC60AC522017637006110CC /* ContactTableViewCell.xib in Resources */ = {isa = PBXBuildFile; fileRef = FAC60AC322017637006110CC /* ContactTableViewCell.xib */; };
		FACC5A0A2202BFF8005FFC34 /* ContactDetailViewController.swift in Sources */ = {isa = PBXBuildFile; fileRef = FACC5A092202BFF8005FFC34 /* ContactDetailViewController.swift */; };
/* End PBXBuildFile section */

/* Begin PBXFileReference section */
		09A277BEA40DF0C044260FEC /* Pods_La_App.framework */ = {isa = PBXFileReference; explicitFileType = wrapper.framework; includeInIndex = 0; path = Pods_La_App.framework; sourceTree = BUILT_PRODUCTS_DIR; };
		55814F0B942A69133FE931A5 /* Pods-La App.debug.xcconfig */ = {isa = PBXFileReference; includeInIndex = 1; lastKnownFileType = text.xcconfig; name = "Pods-La App.debug.xcconfig"; path = "Pods/Target Support Files/Pods-La App/Pods-La App.debug.xcconfig"; sourceTree = "<group>"; };
		677FBBB247670E5BD366B1E3 /* Pods-La App.release.xcconfig */ = {isa = PBXFileReference; includeInIndex = 1; lastKnownFileType = text.xcconfig; name = "Pods-La App.release.xcconfig"; path = "Pods/Target Support Files/Pods-La App/Pods-La App.release.xcconfig"; sourceTree = "<group>"; };
		FA207E872200101600C18D89 /* La App.app */ = {isa = PBXFileReference; explicitFileType = wrapper.application; includeInIndex = 0; path = "La App.app"; sourceTree = BUILT_PRODUCTS_DIR; };
		FA207E8A2200101600C18D89 /* AppDelegate.swift */ = {isa = PBXFileReference; lastKnownFileType = sourcecode.swift; path = AppDelegate.swift; sourceTree = "<group>"; };
		FA207E8F2200101600C18D89 /* Base */ = {isa = PBXFileReference; lastKnownFileType = file.storyboard; name = Base; path = Base.lproj/Main.storyboard; sourceTree = "<group>"; };
		FA207E912200101900C18D89 /* Assets.xcassets */ = {isa = PBXFileReference; lastKnownFileType = folder.assetcatalog; path = Assets.xcassets; sourceTree = "<group>"; };
		FA207E942200101900C18D89 /* Base */ = {isa = PBXFileReference; lastKnownFileType = file.storyboard; name = Base; path = Base.lproj/LaunchScreen.storyboard; sourceTree = "<group>"; };
		FA207E962200101900C18D89 /* Info.plist */ = {isa = PBXFileReference; lastKnownFileType = text.plist.xml; path = Info.plist; sourceTree = "<group>"; };
		FA6C67BC2202181C00AF5CE1 /* GoogleService-Info.plist */ = {isa = PBXFileReference; fileEncoding = 4; lastKnownFileType = text.plist.xml; path = "GoogleService-Info.plist"; sourceTree = "<group>"; };
		FAC60ABE2201249D006110CC /* ContactListViewController.swift */ = {isa = PBXFileReference; lastKnownFileType = sourcecode.swift; path = ContactListViewController.swift; sourceTree = "<group>"; };
		FAC60AC022015EB0006110CC /* Utils.swift */ = {isa = PBXFileReference; lastKnownFileType = sourcecode.swift; path = Utils.swift; sourceTree = "<group>"; };
		FAC60AC222017637006110CC /* ContactTableViewCell.swift */ = {isa = PBXFileReference; lastKnownFileType = sourcecode.swift; path = ContactTableViewCell.swift; sourceTree = "<group>"; };
		FAC60AC322017637006110CC /* ContactTableViewCell.xib */ = {isa = PBXFileReference; lastKnownFileType = file.xib; path = ContactTableViewCell.xib; sourceTree = "<group>"; };
		FACC5A092202BFF8005FFC34 /* ContactDetailViewController.swift */ = {isa = PBXFileReference; lastKnownFileType = sourcecode.swift; path = ContactDetailViewController.swift; sourceTree = "<group>"; };
/* End PBXFileReference section */

/* Begin PBXFrameworksBuildPhase section */
		FA207E842200101600C18D89 /* Frameworks */ = {
			isa = PBXFrameworksBuildPhase;
			buildActionMask = 2147483647;
			files = (
				B764027087DD413858653585 /* Pods_La_App.framework in Frameworks */,
			);
			runOnlyForDeploymentPostprocessing = 0;
		};
/* End PBXFrameworksBuildPhase section */

/* Begin PBXGroup section */
		5D8DEFBA3AB070627AF28284 /* Frameworks */ = {
			isa = PBXGroup;
			children = (
				09A277BEA40DF0C044260FEC /* Pods_La_App.framework */,
			);
			name = Frameworks;
			sourceTree = "<group>";
		};
		B677B013693E3982C274EE4E /* Pods */ = {
			isa = PBXGroup;
			children = (
				55814F0B942A69133FE931A5 /* Pods-La App.debug.xcconfig */,
				677FBBB247670E5BD366B1E3 /* Pods-La App.release.xcconfig */,
			);
			name = Pods;
			sourceTree = "<group>";
		};
		FA207E7E2200101600C18D89 = {
			isa = PBXGroup;
			children = (
				FA207E892200101600C18D89 /* La App */,
				FA207E882200101600C18D89 /* Products */,
				B677B013693E3982C274EE4E /* Pods */,
				5D8DEFBA3AB070627AF28284 /* Frameworks */,
			);
			sourceTree = "<group>";
		};
		FA207E882200101600C18D89 /* Products */ = {
			isa = PBXGroup;
			children = (
				FA207E872200101600C18D89 /* La App.app */,
			);
			name = Products;
			sourceTree = "<group>";
		};
		FA207E892200101600C18D89 /* La App */ = {
			isa = PBXGroup;
			children = (
				FA6C67BC2202181C00AF5CE1 /* GoogleService-Info.plist */,
				FA207E8A2200101600C18D89 /* AppDelegate.swift */,
				FA207E8E2200101600C18D89 /* Main.storyboard */,
				FA207E912200101900C18D89 /* Assets.xcassets */,
				FA207E932200101900C18D89 /* LaunchScreen.storyboard */,
				FA207E962200101900C18D89 /* Info.plist */,
				FAC60ABE2201249D006110CC /* ContactListViewController.swift */,
				FAC60AC022015EB0006110CC /* Utils.swift */,
				FAC60AC222017637006110CC /* ContactTableViewCell.swift */,
				FAC60AC322017637006110CC /* ContactTableViewCell.xib */,
				FACC5A092202BFF8005FFC34 /* ContactDetailViewController.swift */,
			);
			path = "La App";
			sourceTree = "<group>";
		};
/* End PBXGroup section */

/* Begin PBXNativeTarget section */
		FA207E862200101600C18D89 /* La App */ = {
			isa = PBXNativeTarget;
			buildConfigurationList = FA207E992200101900C18D89 /* Build configuration list for PBXNativeTarget "La App" */;
			buildPhases = (
				7B39E8318AF827925018F030 /* [CP] Check Pods Manifest.lock */,
				FA207E832200101600C18D89 /* Sources */,
				FA207E842200101600C18D89 /* Frameworks */,
				FA207E852200101600C18D89 /* Resources */,
				6B78B56DEA43263448AA449C /* [CP] Embed Pods Frameworks */,
			);
			buildRules = (
			);
			dependencies = (
			);
			name = "La App";
			productName = "La App";
			productReference = FA207E872200101600C18D89 /* La App.app */;
			productType = "com.apple.product-type.application";
		};
/* End PBXNativeTarget section */

/* Begin PBXProject section */
		FA207E7F2200101600C18D89 /* Project object */ = {
			isa = PBXProject;
			attributes = {
				LastSwiftUpdateCheck = 1010;
				LastUpgradeCheck = 1010;
				ORGANIZATIONNAME = "Gerardo Granados Lopez";
				TargetAttributes = {
					FA207E862200101600C18D89 = {
						CreatedOnToolsVersion = 10.1;
					};
				};
			};
			buildConfigurationList = FA207E822200101600C18D89 /* Build configuration list for PBXProject "La App" */;
			compatibilityVersion = "Xcode 9.3";
			developmentRegion = en;
			hasScannedForEncodings = 0;
			knownRegions = (
				en,
				Base,
			);
			mainGroup = FA207E7E2200101600C18D89;
			productRefGroup = FA207E882200101600C18D89 /* Products */;
			projectDirPath = "";
			projectRoot = "";
			targets = (
				FA207E862200101600C18D89 /* La App */,
			);
		};
/* End PBXProject section */

/* Begin PBXResourcesBuildPhase section */
		FA207E852200101600C18D89 /* Resources */ = {
			isa = PBXResourcesBuildPhase;
			buildActionMask = 2147483647;
			files = (
				FAC60AC522017637006110CC /* ContactTableViewCell.xib in Resources */,
				FA207E952200101900C18D89 /* LaunchScreen.storyboard in Resources */,
				FA6C67BD2202181C00AF5CE1 /* GoogleService-Info.plist in Resources */,
				FA207E922200101900C18D89 /* Assets.xcassets in Resources */,
				FA207E902200101600C18D89 /* Main.storyboard in Resources */,
			);
			runOnlyForDeploymentPostprocessing = 0;
		};
/* End PBXResourcesBuildPhase section */

/* Begin PBXShellScriptBuildPhase section */
		6B78B56DEA43263448AA449C /* [CP] Embed Pods Frameworks */ = {
			isa = PBXShellScriptBuildPhase;
			buildActionMask = 2147483647;
			files = (
			);
			inputFileListPaths = (
			);
			inputPaths = (
				"${SRCROOT}/Pods/Target Support Files/Pods-La App/Pods-La App-frameworks.sh",
				"${BUILT_PRODUCTS_DIR}/BoringSSL-GRPC/openssl_grpc.framework",
				"${BUILT_PRODUCTS_DIR}/GoogleUtilities/GoogleUtilities.framework",
				"${BUILT_PRODUCTS_DIR}/Protobuf/Protobuf.framework",
				"${BUILT_PRODUCTS_DIR}/gRPC-C++/grpcpp.framework",
				"${BUILT_PRODUCTS_DIR}/gRPC-Core/grpc.framework",
				"${BUILT_PRODUCTS_DIR}/leveldb-library/leveldb.framework",
				"${BUILT_PRODUCTS_DIR}/nanopb/nanopb.framework",
			);
			name = "[CP] Embed Pods Frameworks";
			outputFileListPaths = (
			);
			outputPaths = (
				"${TARGET_BUILD_DIR}/${FRAMEWORKS_FOLDER_PATH}/openssl_grpc.framework",
				"${TARGET_BUILD_DIR}/${FRAMEWORKS_FOLDER_PATH}/GoogleUtilities.framework",
				"${TARGET_BUILD_DIR}/${FRAMEWORKS_FOLDER_PATH}/Protobuf.framework",
				"${TARGET_BUILD_DIR}/${FRAMEWORKS_FOLDER_PATH}/grpcpp.framework",
				"${TARGET_BUILD_DIR}/${FRAMEWORKS_FOLDER_PATH}/grpc.framework",
				"${TARGET_BUILD_DIR}/${FRAMEWORKS_FOLDER_PATH}/leveldb.framework",
				"${TARGET_BUILD_DIR}/${FRAMEWORKS_FOLDER_PATH}/nanopb.framework",
			);
			runOnlyForDeploymentPostprocessing = 0;
			shellPath = /bin/sh;
			shellScript = "\"${SRCROOT}/Pods/Target Support Files/Pods-La App/Pods-La App-frameworks.sh\"\n";
			showEnvVarsInLog = 0;
		};
		7B39E8318AF827925018F030 /* [CP] Check Pods Manifest.lock */ = {
			isa = PBXShellScriptBuildPhase;
			buildActionMask = 2147483647;
			files = (
			);
			inputFileListPaths = (
			);
			inputPaths = (
				"${PODS_PODFILE_DIR_PATH}/Podfile.lock",
				"${PODS_ROOT}/Manifest.lock",
			);
			name = "[CP] Check Pods Manifest.lock";
			outputFileListPaths = (
			);
			outputPaths = (
				"$(DERIVED_FILE_DIR)/Pods-La App-checkManifestLockResult.txt",
			);
			runOnlyForDeploymentPostprocessing = 0;
			shellPath = /bin/sh;
			shellScript = "diff \"${PODS_PODFILE_DIR_PATH}/Podfile.lock\" \"${PODS_ROOT}/Manifest.lock\" > /dev/null\nif [ $? != 0 ] ; then\n    # print error to STDERR\n    echo \"error: The sandbox is not in sync with the Podfile.lock. Run 'pod install' or update your CocoaPods installation.\" >&2\n    exit 1\nfi\n# This output is used by Xcode 'outputs' to avoid re-running this script phase.\necho \"SUCCESS\" > \"${SCRIPT_OUTPUT_FILE_0}\"\n";
			showEnvVarsInLog = 0;
		};
/* End PBXShellScriptBuildPhase section */

/* Begin PBXSourcesBuildPhase section */
		FA207E832200101600C18D89 /* Sources */ = {
			isa = PBXSourcesBuildPhase;
			buildActionMask = 2147483647;
			files = (
				FAC60AC422017637006110CC /* ContactTableViewCell.swift in Sources */,
				FACC5A0A2202BFF8005FFC34 /* ContactDetailViewController.swift in Sources */,
				FA207E8B2200101600C18D89 /* AppDelegate.swift in Sources */,
				FAC60ABF2201249D006110CC /* ContactListViewController.swift in Sources */,
				FAC60AC122015EB0006110CC /* Utils.swift in Sources */,
			);
			runOnlyForDeploymentPostprocessing = 0;
		};
/* End PBXSourcesBuildPhase section */

/* Begin PBXVariantGroup section */
		FA207E8E2200101600C18D89 /* Main.storyboard */ = {
			isa = PBXVariantGroup;
			children = (
				FA207E8F2200101600C18D89 /* Base */,
			);
			name = Main.storyboard;
			sourceTree = "<group>";
		};
		FA207E932200101900C18D89 /* LaunchScreen.storyboard */ = {
			isa = PBXVariantGroup;
			children = (
				FA207E942200101900C18D89 /* Base */,
			);
			name = LaunchScreen.storyboard;
			sourceTree = "<group>";
		};
/* End PBXVariantGroup section */

/* Begin XCBuildConfiguration section */
		FA207E972200101900C18D89 /* Debug */ = {
			isa = XCBuildConfiguration;
			buildSettings = {
				ALWAYS_SEARCH_USER_PATHS = NO;
				CLANG_ANALYZER_NONNULL = YES;
				CLANG_ANALYZER_NUMBER_OBJECT_CONVERSION = YES_AGGRESSIVE;
				CLANG_CXX_LANGUAGE_STANDARD = "gnu++14";
				CLANG_CXX_LIBRARY = "libc++";
				CLANG_ENABLE_MODULES = YES;
				CLANG_ENABLE_OBJC_ARC = YES;
				CLANG_ENABLE_OBJC_WEAK = YES;
				CLANG_WARN_BLOCK_CAPTURE_AUTORELEASING = YES;
				CLANG_WARN_BOOL_CONVERSION = YES;
				CLANG_WARN_COMMA = YES;
				CLANG_WARN_CONSTANT_CONVERSION = YES;
				CLANG_WARN_DEPRECATED_OBJC_IMPLEMENTATIONS = YES;
				CLANG_WARN_DIRECT_OBJC_ISA_USAGE = YES_ERROR;
				CLANG_WARN_DOCUMENTATION_COMMENTS = YES;
				CLANG_WARN_EMPTY_BODY = YES;
				CLANG_WARN_ENUM_CONVERSION = YES;
				CLANG_WARN_INFINITE_RECURSION = YES;
				CLANG_WARN_INT_CONVERSION = YES;
				CLANG_WARN_NON_LITERAL_NULL_CONVERSION = YES;
				CLANG_WARN_OBJC_IMPLICIT_RETAIN_SELF = YES;
				CLANG_WARN_OBJC_LITERAL_CONVERSION = YES;
				CLANG_WARN_OBJC_ROOT_CLASS = YES_ERROR;
				CLANG_WARN_RANGE_LOOP_ANALYSIS = YES;
				CLANG_WARN_STRICT_PROTOTYPES = YES;
				CLANG_WARN_SUSPICIOUS_MOVE = YES;
				CLANG_WARN_UNGUARDED_AVAILABILITY = YES_AGGRESSIVE;
				CLANG_WARN_UNREACHABLE_CODE = YES;
				CLANG_WARN__DUPLICATE_METHOD_MATCH = YES;
				CODE_SIGN_IDENTITY = "iPhone Developer";
				COPY_PHASE_STRIP = NO;
				DEBUG_INFORMATION_FORMAT = dwarf;
				ENABLE_STRICT_OBJC_MSGSEND = YES;
				ENABLE_TESTABILITY = YES;
				GCC_C_LANGUAGE_STANDARD = gnu11;
				GCC_DYNAMIC_NO_PIC = NO;
				GCC_NO_COMMON_BLOCKS = YES;
				GCC_OPTIMIZATION_LEVEL = 0;
				GCC_PREPROCESSOR_DEFINITIONS = (
					"DEBUG=1",
					"$(inherited)",
				);
				GCC_WARN_64_TO_32_BIT_CONVERSION = YES;
				GCC_WARN_ABOUT_RETURN_TYPE = YES_ERROR;
				GCC_WARN_UNDECLARED_SELECTOR = YES;
				GCC_WARN_UNINITIALIZED_AUTOS = YES_AGGRESSIVE;
				GCC_WARN_UNUSED_FUNCTION = YES;
				GCC_WARN_UNUSED_VARIABLE = YES;
				IPHONEOS_DEPLOYMENT_TARGET = 12.1;
				MTL_ENABLE_DEBUG_INFO = INCLUDE_SOURCE;
				MTL_FAST_MATH = YES;
				ONLY_ACTIVE_ARCH = YES;
				SDKROOT = iphoneos;
				SWIFT_ACTIVE_COMPILATION_CONDITIONS = DEBUG;
				SWIFT_OPTIMIZATION_LEVEL = "-Onone";
			};
			name = Debug;
		};
		FA207E982200101900C18D89 /* Release */ = {
			isa = XCBuildConfiguration;
			buildSettings = {
				ALWAYS_SEARCH_USER_PATHS = NO;
				CLANG_ANALYZER_NONNULL = YES;
				CLANG_ANALYZER_NUMBER_OBJECT_CONVERSION = YES_AGGRESSIVE;
				CLANG_CXX_LANGUAGE_STANDARD = "gnu++14";
				CLANG_CXX_LIBRARY = "libc++";
				CLANG_ENABLE_MODULES = YES;
				CLANG_ENABLE_OBJC_ARC = YES;
				CLANG_ENABLE_OBJC_WEAK = YES;
				CLANG_WARN_BLOCK_CAPTURE_AUTORELEASING = YES;
				CLANG_WARN_BOOL_CONVERSION = YES;
				CLANG_WARN_COMMA = YES;
				CLANG_WARN_CONSTANT_CONVERSION = YES;
				CLANG_WARN_DEPRECATED_OBJC_IMPLEMENTATIONS = YES;
				CLANG_WARN_DIRECT_OBJC_ISA_USAGE = YES_ERROR;
				CLANG_WARN_DOCUMENTATION_COMMENTS = YES;
				CLANG_WARN_EMPTY_BODY = YES;
				CLANG_WARN_ENUM_CONVERSION = YES;
				CLANG_WARN_INFINITE_RECURSION = YES;
				CLANG_WARN_INT_CONVERSION = YES;
				CLANG_WARN_NON_LITERAL_NULL_CONVERSION = YES;
				CLANG_WARN_OBJC_IMPLICIT_RETAIN_SELF = YES;
				CLANG_WARN_OBJC_LITERAL_CONVERSION = YES;
				CLANG_WARN_OBJC_ROOT_CLASS = YES_ERROR;
				CLANG_WARN_RANGE_LOOP_ANALYSIS = YES;
				CLANG_WARN_STRICT_PROTOTYPES = YES;
				CLANG_WARN_SUSPICIOUS_MOVE = YES;
				CLANG_WARN_UNGUARDED_AVAILABILITY = YES_AGGRESSIVE;
				CLANG_WARN_UNREACHABLE_CODE = YES;
				CLANG_WARN__DUPLICATE_METHOD_MATCH = YES;
				CODE_SIGN_IDENTITY = "iPhone Developer";
				COPY_PHASE_STRIP = NO;
				DEBUG_INFORMATION_FORMAT = "dwarf-with-dsym";
				ENABLE_NS_ASSERTIONS = NO;
				ENABLE_STRICT_OBJC_MSGSEND = YES;
				GCC_C_LANGUAGE_STANDARD = gnu11;
				GCC_NO_COMMON_BLOCKS = YES;
				GCC_WARN_64_TO_32_BIT_CONVERSION = YES;
				GCC_WARN_ABOUT_RETURN_TYPE = YES_ERROR;
				GCC_WARN_UNDECLARED_SELECTOR = YES;
				GCC_WARN_UNINITIALIZED_AUTOS = YES_AGGRESSIVE;
				GCC_WARN_UNUSED_FUNCTION = YES;
				GCC_WARN_UNUSED_VARIABLE = YES;
				IPHONEOS_DEPLOYMENT_TARGET = 12.1;
				MTL_ENABLE_DEBUG_INFO = NO;
				MTL_FAST_MATH = YES;
				SDKROOT = iphoneos;
				SWIFT_COMPILATION_MODE = wholemodule;
				SWIFT_OPTIMIZATION_LEVEL = "-O";
				VALIDATE_PRODUCT = YES;
			};
			name = Release;
		};
		FA207E9A2200101900C18D89 /* Debug */ = {
			isa = XCBuildConfiguration;
			baseConfigurationReference = 55814F0B942A69133FE931A5 /* Pods-La App.debug.xcconfig */;
			buildSettings = {
				ASSETCATALOG_COMPILER_APPICON_NAME = AppIcon;
				CODE_SIGN_STYLE = Automatic;
				DEVELOPMENT_TEAM = 693Y489Q85;
				INFOPLIST_FILE = "La App/Info.plist";
				LD_RUNPATH_SEARCH_PATHS = (
					"$(inherited)",
					"@executable_path/Frameworks",
				);
				PRODUCT_BUNDLE_IDENTIFIER = "com.test.La-App";
				PRODUCT_NAME = "$(TARGET_NAME)";
				SWIFT_VERSION = 4.2;
				TARGETED_DEVICE_FAMILY = "1,2";
			};
			name = Debug;
		};
		FA207E9B2200101900C18D89 /* Release */ = {
			isa = XCBuildConfiguration;
			baseConfigurationReference = 677FBBB247670E5BD366B1E3 /* Pods-La App.release.xcconfig */;
			buildSettings = {
				ASSETCATALOG_COMPILER_APPICON_NAME = AppIcon;
				CODE_SIGN_STYLE = Automatic;
				DEVELOPMENT_TEAM = 693Y489Q85;
				INFOPLIST_FILE = "La App/Info.plist";
				LD_RUNPATH_SEARCH_PATHS = (
					"$(inherited)",
					"@executable_path/Frameworks",
				);
				PRODUCT_BUNDLE_IDENTIFIER = "com.test.La-App";
				PRODUCT_NAME = "$(TARGET_NAME)";
				SWIFT_VERSION = 4.2;
				TARGETED_DEVICE_FAMILY = "1,2";
			};
			name = Release;
		};
/* End XCBuildConfiguration section */

/* Begin XCConfigurationList section */
		FA207E822200101600C18D89 /* Build configuration list for PBXProject "La App" */ = {
			isa = XCConfigurationList;
			buildConfigurations = (
				FA207E972200101900C18D89 /* Debug */,
				FA207E982200101900C18D89 /* Release */,
			);
			defaultConfigurationIsVisible = 0;
			defaultConfigurationName = Release;
		};
		FA207E992200101900C18D89 /* Build configuration list for PBXNativeTarget "La App" */ = {
			isa = XCConfigurationList;
			buildConfigurations = (
				FA207E9A2200101900C18D89 /* Debug */,
				FA207E9B2200101900C18D89 /* Release */,
			);
			defaultConfigurationIsVisible = 0;
			defaultConfigurationName = Release;
		};
/* End XCConfigurationList section */
	};
	rootObject = FA207E7F2200101600C18D89 /* Project object */;
}
